
Microsoft Visual Studio Solution File, Format Version 12.00
# Visual Studio 15
VisualStudioVersion = 15.0.26124.0
MinimumVisualStudioVersion = 15.0.26124.0
Project("{FAE04EC0-301F-11D3-BF4B-00C04F79EFBC}") = "SenderClient", "SenderClient\SenderClient.csproj", "{4BD719C8-4D25-44B9-88CB-9A608634D835}"
EndProject
Project("{FAE04EC0-301F-11D3-BF4B-00C04F79EFBC}") = "Consumer", "Consumer\Consumer.csproj", "{E5A930EA-3989-47B4-A501-3AB3AE2CA159}"
EndProject
Global
	GlobalSection(SolutionConfigurationPlatforms) = preSolution
		Debug|Any CPU = Debug|Any CPU
		Debug|x64 = Debug|x64
		Debug|x86 = Debug|x86
		Release|Any CPU = Release|Any CPU
		Release|x64 = Release|x64
		Release|x86 = Release|x86
	EndGlobalSection
	GlobalSection(SolutionProperties) = preSolution
		HideSolutionNode = FALSE
	EndGlobalSection
	GlobalSection(ProjectConfigurationPlatforms) = postSolution
		{4BD719C8-4D25-44B9-88CB-9A608634D835}.Debug|Any CPU.ActiveCfg = Debug|Any CPU
		{4BD719C8-4D25-44B9-88CB-9A608634D835}.Debug|Any CPU.Build.0 = Debug|Any CPU
		{4BD719C8-4D25-44B9-88CB-9A608634D835}.Debug|x64.ActiveCfg = Debug|Any CPU
		{4BD719C8-4D25-44B9-88CB-9A608634D835}.Debug|x64.Build.0 = Debug|Any CPU
		{4BD719C8-4D25-44B9-88CB-9A608634D835}.Debug|x86.ActiveCfg = Debug|Any CPU
		{4BD719C8-4D25-44B9-88CB-9A608634D835}.Debug|x86.Build.0 = Debug|Any CPU
		{4BD719C8-4D25-44B9-88CB-9A608634D835}.Release|Any CPU.ActiveCfg = Release|Any CPU
		{4BD719C8-4D25-44B9-88CB-9A608634D835}.Release|Any CPU.Build.0 = Release|Any CPU
		{4BD719C8-4D25-44B9-88CB-9A608634D835}.Release|x64.ActiveCfg = Release|Any CPU
		{4BD719C8-4D25-44B9-88CB-9A608634D835}.Release|x64.Build.0 = Release|Any CPU
		{4BD719C8-4D25-44B9-88CB-9A608634D835}.Release|x86.ActiveCfg = Release|Any CPU
		{4BD719C8-4D25-44B9-88CB-9A608634D835}.Release|x86.Build.0 = Release|Any CPU
		{E5A930EA-3989-47B4-A501-3AB3AE2CA159}.Debug|Any CPU.ActiveCfg = Debug|Any CPU
		{E5A930EA-3989-47B4-A501-3AB3AE2CA159}.Debug|Any CPU.Build.0 = Debug|Any CPU
		{E5A930EA-3989-47B4-A501-3AB3AE2CA159}.Debug|x64.ActiveCfg = Debug|Any CPU
		{E5A930EA-3989-47B4-A501-3AB3AE2CA159}.Debug|x64.Build.0 = Debug|Any CPU
		{E5A930EA-3989-47B4-A501-3AB3AE2CA159}.Debug|x86.ActiveCfg = Debug|Any CPU
		{E5A930EA-3989-47B4-A501-3AB3AE2CA159}.Debug|x86.Build.0 = Debug|Any CPU
		{E5A930EA-3989-47B4-A501-3AB3AE2CA159}.Release|Any CPU.ActiveCfg = Release|Any CPU
		{E5A930EA-3989-47B4-A501-3AB3AE2CA159}.Release|Any CPU.Build.0 = Release|Any CPU
		{E5A930EA-3989-47B4-A501-3AB3AE2CA159}.Release|x64.ActiveCfg = Release|Any CPU
		{E5A930EA-3989-47B4-A501-3AB3AE2CA159}.Release|x64.Build.0 = Release|Any CPU
		{E5A930EA-3989-47B4-A501-3AB3AE2CA159}.Release|x86.ActiveCfg = Release|Any CPU
		{E5A930EA-3989-47B4-A501-3AB3AE2CA159}.Release|x86.Build.0 = Release|Any CPU
	EndGlobalSection
EndGlobal
